# @generated by Move, please check-in and do not edit manually.

[move]
version = 2
manifest_digest = "D9A32F9649B5570B5EFA419F669A6F7B39AFB323B9E3ECBFED5D03D1A33F70A8"
deps_digest = "F8BBB0CCB2491CA29A3DF03D6F92277A4F3574266507ACD77214D37ECA3F3082"
dependencies = [
  { name = "Sui" },
]

[[move.package]]
name = "MoveStdlib"
source = { git = "https://github.com/MystenLabs/sui.git", rev = "framework/testnet", subdir = "crates/sui-framework/packages/move-stdlib" }

[[move.package]]
name = "Sui"
source = { git = "https://github.com/MystenLabs/sui.git", rev = "framework/testnet", subdir = "crates/sui-framework/packages/sui-framework" }

dependencies = [
  { name = "MoveStdlib" },
]

[move.toolchain-version]
compiler-version = "1.25.0"
edition = "2024.beta"
flavor = "sui"

[env]

[env.devnet]
chain-id = "d29677eb"
original-published-id = "0x86f99337e5174c305760057734136a1e8cac71c03301c3fba6a144af98529b32"
latest-published-id = "0x86f99337e5174c305760057734136a1e8cac71c03301c3fba6a144af98529b32"
published-version = "1"
